
Microsoft Visual Studio Solution File, Format Version 12.00
# Visual Studio Version 17
VisualStudioVersion = 17.8.34330.188
MinimumVisualStudioVersion = 10.0.40219.1
Project("{FAE04EC0-301F-11D3-BF4B-00C04F79EFBC}") = "Grafico", "Grafico.csproj", "{97478A94-3060-4F4E-B4BD-0373CB2B4BFB}"
EndProject
Global
	GlobalSection(SolutionConfigurationPlatforms) = preSolution
		Debug|Any CPU = Debug|Any CPU
		Release|Any CPU = Release|Any CPU
	EndGlobalSection
	GlobalSection(ProjectConfigurationPlatforms) = postSolution
		{97478A94-3060-4F4E-B4BD-0373CB2B4BFB}.Debug|Any CPU.ActiveCfg = Debug|Any CPU
		{97478A94-3060-4F4E-B4BD-0373CB2B4BFB}.Debug|Any CPU.Build.0 = Debug|Any CPU
		{97478A94-3060-4F4E-B4BD-0373CB2B4BFB}.Release|Any CPU.ActiveCfg = Release|Any CPU
		{97478A94-3060-4F4E-B4BD-0373CB2B4BFB}.Release|Any CPU.Build.0 = Release|Any CPU
	EndGlobalSection
	GlobalSection(SolutionProperties) = preSolution
		HideSolutionNode = FALSE
	EndGlobalSection
	GlobalSection(ExtensibilityGlobals) = postSolution
		SolutionGuid = {467E4A35-88EB-4555-A137-1D565F33DDCD}
	EndGlobalSection
EndGlobal
